
Microsoft Visual Studio Solution File, Format Version 12.00
# Visual Studio 15
VisualStudioVersion = 15.0.26730.10
MinimumVisualStudioVersion = 10.0.40219.1
Project("{FAE04EC0-301F-11D3-BF4B-00C04F79EFBC}") = "HelloWorld", "HelloWorld\HelloWorld.csproj", "{94F42E1E-B3CA-44CC-B6F2-58A35721439D}"
EndProject
Global
	GlobalSection(SolutionConfigurationPlatforms) = preSolution
		Debug|Any CPU = Debug|Any CPU
		Release|Any CPU = Release|Any CPU
	EndGlobalSection
	GlobalSection(ProjectConfigurationPlatforms) = postSolution
		{94F42E1E-B3CA-44CC-B6F2-58A35721439D}.Debug|Any CPU.ActiveCfg = Debug|Any CPU
		{94F42E1E-B3CA-44CC-B6F2-58A35721439D}.Debug|Any CPU.Build.0 = Debug|Any CPU
		{94F42E1E-B3CA-44CC-B6F2-58A35721439D}.Release|Any CPU.ActiveCfg = Release|Any CPU
		{94F42E1E-B3CA-44CC-B6F2-58A35721439D}.Release|Any CPU.Build.0 = Release|Any CPU
	EndGlobalSection
	GlobalSection(SolutionProperties) = preSolution
		HideSolutionNode = FALSE
	EndGlobalSection
	GlobalSection(ExtensibilityGlobals) = postSolution
		SolutionGuid = {0120394A-69DD-4375-8BFB-60FD5ADC038E}
	EndGlobalSection
EndGlobal
